
Microsoft Visual Studio Solution File, Format Version 12.00
# Visual Studio 2012
Project("{FAE04EC0-301F-11D3-BF4B-00C04F79EFBC}") = "j6.BuildTools.MsBuildTasks", "j6.BuildTools.MsBuildTasks.csproj", "{45BD4A9E-DAA6-4C99-AF91-43B895C70B4B}"
EndProject
Project("{2150E333-8FDC-42A3-9474-1A3956D46DE8}") = "Solution Items", "Solution Items", "{BD38920B-9921-4466-B130-9B553B9EE5BD}"
	ProjectSection(SolutionItems) = preProject
		..\buildtools.proj = ..\buildtools.proj
	EndProjectSection
EndProject
Project("{FAE04EC0-301F-11D3-BF4B-00C04F79EFBC}") = "DeploymentConfiguration", "DeploymentConfiguration\DeploymentConfiguration.csproj", "{B5680311-82EE-47A0-95DE-E76D785E8502}"
EndProject
Project("{FAE04EC0-301F-11D3-BF4B-00C04F79EFBC}") = "DeploymentMsBuildTasks", "DeploymentMsBuildTasks\DeploymentMsBuildTasks.csproj", "{F324C4EC-C029-4C9C-B44B-076C50384DB9}"
EndProject
Project("{FAE04EC0-301F-11D3-BF4B-00C04F79EFBC}") = "DeploymentTool", "DeploymentTool\DeploymentTool.csproj", "{4F3354D7-1291-41E8-B7B1-19DB4F66035D}"
EndProject
Project("{FAE04EC0-301F-11D3-BF4B-00C04F79EFBC}") = "WinServiceCtrl", "WinServiceCtrl\WinServiceCtrl.csproj", "{C371FECE-CCE1-4B18-827C-02DBFC633FD6}"
EndProject
Global
	GlobalSection(SolutionConfigurationPlatforms) = preSolution
		Debug|Any CPU = Debug|Any CPU
		Debug|Mixed Platforms = Debug|Mixed Platforms
		Debug|x86 = Debug|x86
		Release|Any CPU = Release|Any CPU
		Release|Mixed Platforms = Release|Mixed Platforms
		Release|x86 = Release|x86
	EndGlobalSection
	GlobalSection(ProjectConfigurationPlatforms) = postSolution
		{45BD4A9E-DAA6-4C99-AF91-43B895C70B4B}.Debug|Any CPU.ActiveCfg = Debug|Any CPU
		{45BD4A9E-DAA6-4C99-AF91-43B895C70B4B}.Debug|Any CPU.Build.0 = Debug|Any CPU
		{45BD4A9E-DAA6-4C99-AF91-43B895C70B4B}.Debug|Mixed Platforms.ActiveCfg = Debug|Any CPU
		{45BD4A9E-DAA6-4C99-AF91-43B895C70B4B}.Debug|Mixed Platforms.Build.0 = Debug|Any CPU
		{45BD4A9E-DAA6-4C99-AF91-43B895C70B4B}.Debug|x86.ActiveCfg = Debug|Any CPU
		{45BD4A9E-DAA6-4C99-AF91-43B895C70B4B}.Release|Any CPU.ActiveCfg = Release|Any CPU
		{45BD4A9E-DAA6-4C99-AF91-43B895C70B4B}.Release|Any CPU.Build.0 = Release|Any CPU
		{45BD4A9E-DAA6-4C99-AF91-43B895C70B4B}.Release|Mixed Platforms.ActiveCfg = Release|Any CPU
		{45BD4A9E-DAA6-4C99-AF91-43B895C70B4B}.Release|Mixed Platforms.Build.0 = Release|Any CPU
		{45BD4A9E-DAA6-4C99-AF91-43B895C70B4B}.Release|x86.ActiveCfg = Release|Any CPU
		{B5680311-82EE-47A0-95DE-E76D785E8502}.Debug|Any CPU.ActiveCfg = Debug|Any CPU
		{B5680311-82EE-47A0-95DE-E76D785E8502}.Debug|Any CPU.Build.0 = Debug|Any CPU
		{B5680311-82EE-47A0-95DE-E76D785E8502}.Debug|Mixed Platforms.ActiveCfg = Debug|Any CPU
		{B5680311-82EE-47A0-95DE-E76D785E8502}.Debug|Mixed Platforms.Build.0 = Debug|Any CPU
		{B5680311-82EE-47A0-95DE-E76D785E8502}.Debug|x86.ActiveCfg = Debug|Any CPU
		{B5680311-82EE-47A0-95DE-E76D785E8502}.Release|Any CPU.ActiveCfg = Release|Any CPU
		{B5680311-82EE-47A0-95DE-E76D785E8502}.Release|Any CPU.Build.0 = Release|Any CPU
		{B5680311-82EE-47A0-95DE-E76D785E8502}.Release|Mixed Platforms.ActiveCfg = Release|Any CPU
		{B5680311-82EE-47A0-95DE-E76D785E8502}.Release|Mixed Platforms.Build.0 = Release|Any CPU
		{B5680311-82EE-47A0-95DE-E76D785E8502}.Release|x86.ActiveCfg = Release|Any CPU
		{F324C4EC-C029-4C9C-B44B-076C50384DB9}.Debug|Any CPU.ActiveCfg = Debug|Any CPU
		{F324C4EC-C029-4C9C-B44B-076C50384DB9}.Debug|Any CPU.Build.0 = Debug|Any CPU
		{F324C4EC-C029-4C9C-B44B-076C50384DB9}.Debug|Mixed Platforms.ActiveCfg = Debug|Any CPU
		{F324C4EC-C029-4C9C-B44B-076C50384DB9}.Debug|Mixed Platforms.Build.0 = Debug|Any CPU
		{F324C4EC-C029-4C9C-B44B-076C50384DB9}.Debug|x86.ActiveCfg = Debug|Any CPU
		{F324C4EC-C029-4C9C-B44B-076C50384DB9}.Release|Any CPU.ActiveCfg = Release|Any CPU
		{F324C4EC-C029-4C9C-B44B-076C50384DB9}.Release|Any CPU.Build.0 = Release|Any CPU
		{F324C4EC-C029-4C9C-B44B-076C50384DB9}.Release|Mixed Platforms.ActiveCfg = Release|Any CPU
		{F324C4EC-C029-4C9C-B44B-076C50384DB9}.Release|Mixed Platforms.Build.0 = Release|Any CPU
		{F324C4EC-C029-4C9C-B44B-076C50384DB9}.Release|x86.ActiveCfg = Release|Any CPU
		{4F3354D7-1291-41E8-B7B1-19DB4F66035D}.Debug|Any CPU.ActiveCfg = Debug|x86
		{4F3354D7-1291-41E8-B7B1-19DB4F66035D}.Debug|Mixed Platforms.ActiveCfg = Debug|x86
		{4F3354D7-1291-41E8-B7B1-19DB4F66035D}.Debug|Mixed Platforms.Build.0 = Debug|x86
		{4F3354D7-1291-41E8-B7B1-19DB4F66035D}.Debug|x86.ActiveCfg = Debug|x86
		{4F3354D7-1291-41E8-B7B1-19DB4F66035D}.Debug|x86.Build.0 = Debug|x86
		{4F3354D7-1291-41E8-B7B1-19DB4F66035D}.Release|Any CPU.ActiveCfg = Release|x86
		{4F3354D7-1291-41E8-B7B1-19DB4F66035D}.Release|Mixed Platforms.ActiveCfg = Release|x86
		{4F3354D7-1291-41E8-B7B1-19DB4F66035D}.Release|Mixed Platforms.Build.0 = Release|x86
		{4F3354D7-1291-41E8-B7B1-19DB4F66035D}.Release|x86.ActiveCfg = Release|x86
		{4F3354D7-1291-41E8-B7B1-19DB4F66035D}.Release|x86.Build.0 = Release|x86
		{C371FECE-CCE1-4B18-827C-02DBFC633FD6}.Debug|Any CPU.ActiveCfg = Debug|Any CPU
		{C371FECE-CCE1-4B18-827C-02DBFC633FD6}.Debug|Any CPU.Build.0 = Debug|Any CPU
		{C371FECE-CCE1-4B18-827C-02DBFC633FD6}.Debug|Mixed Platforms.ActiveCfg = Debug|Any CPU
		{C371FECE-CCE1-4B18-827C-02DBFC633FD6}.Debug|Mixed Platforms.Build.0 = Debug|Any CPU
		{C371FECE-CCE1-4B18-827C-02DBFC633FD6}.Debug|x86.ActiveCfg = Debug|Any CPU
		{C371FECE-CCE1-4B18-827C-02DBFC633FD6}.Release|Any CPU.ActiveCfg = Release|Any CPU
		{C371FECE-CCE1-4B18-827C-02DBFC633FD6}.Release|Any CPU.Build.0 = Release|Any CPU
		{C371FECE-CCE1-4B18-827C-02DBFC633FD6}.Release|Mixed Platforms.ActiveCfg = Release|Any CPU
		{C371FECE-CCE1-4B18-827C-02DBFC633FD6}.Release|Mixed Platforms.Build.0 = Release|Any CPU
		{C371FECE-CCE1-4B18-827C-02DBFC633FD6}.Release|x86.ActiveCfg = Release|Any CPU
	EndGlobalSection
	GlobalSection(SolutionProperties) = preSolution
		HideSolutionNode = FALSE
	EndGlobalSection
EndGlobal
