
Microsoft Visual Studio Solution File, Format Version 11.00
# Visual Studio 2010
Project("{FAE04EC0-301F-11D3-BF4B-00C04F79EFBC}") = "Harvester", "Harvester\Harvester.csproj", "{0F7E0B75-9504-490C-8417-E0DB89637A0D}"
EndProject
Project("{2150E333-8FDC-42A3-9474-1A3956D46DE8}") = "Solution Items", "Solution Items", "{9860086C-0A54-4AC6-9A40-77EDDB130BB6}"
	ProjectSection(SolutionItems) = preProject
		Harvester\hglogstyle-changeset.txt = Harvester\hglogstyle-changeset.txt
		Harvester\hglogstyle-changesethistory.txt = Harvester\hglogstyle-changesethistory.txt
		Harvester\hglogstyle-history.txt = Harvester\hglogstyle-history.txt
		Harvester\hglogstyle-revision.txt = Harvester\hglogstyle-revision.txt
	EndProjectSection
EndProject
Global
	GlobalSection(SolutionConfigurationPlatforms) = preSolution
		Debug|x86 = Debug|x86
		Release|x86 = Release|x86
	EndGlobalSection
	GlobalSection(ProjectConfigurationPlatforms) = postSolution
		{0F7E0B75-9504-490C-8417-E0DB89637A0D}.Debug|x86.ActiveCfg = Debug|x86
		{0F7E0B75-9504-490C-8417-E0DB89637A0D}.Debug|x86.Build.0 = Debug|x86
		{0F7E0B75-9504-490C-8417-E0DB89637A0D}.Release|x86.ActiveCfg = Release|x86
		{0F7E0B75-9504-490C-8417-E0DB89637A0D}.Release|x86.Build.0 = Release|x86
	EndGlobalSection
	GlobalSection(SolutionProperties) = preSolution
		HideSolutionNode = FALSE
	EndGlobalSection
EndGlobal
